
Microsoft Visual Studio Solution File, Format Version 12.00
# Visual Studio 15
VisualStudioVersion = 15.0.28307.136
MinimumVisualStudioVersion = 10.0.40219.1
Project("{FAE04EC0-301F-11D3-BF4B-00C04F79EFBC}") = "Repo", "Repo\Repo.csproj", "{1C2C16DF-B393-4F39-A244-EF8A7FE078F6}"
EndProject
Project("{FAE04EC0-301F-11D3-BF4B-00C04F79EFBC}") = "Projektv1", "Projektv1\Projektv1.csproj", "{0A0A6174-4A65-4E88-B35D-2AC8506638A9}"
EndProject
Project("{FAE04EC0-301F-11D3-BF4B-00C04F79EFBC}") = "ConsoleApp1", "ConsoleApp1\ConsoleApp1.csproj", "{EC5E2AEB-1C8F-4CBF-880E-720DA4218D3E}"
EndProject
Global
	GlobalSection(SolutionConfigurationPlatforms) = preSolution
		Debug|Any CPU = Debug|Any CPU
		Release|Any CPU = Release|Any CPU
	EndGlobalSection
	GlobalSection(ProjectConfigurationPlatforms) = postSolution
		{1C2C16DF-B393-4F39-A244-EF8A7FE078F6}.Debug|Any CPU.ActiveCfg = Debug|Any CPU
		{1C2C16DF-B393-4F39-A244-EF8A7FE078F6}.Debug|Any CPU.Build.0 = Debug|Any CPU
		{1C2C16DF-B393-4F39-A244-EF8A7FE078F6}.Release|Any CPU.ActiveCfg = Release|Any CPU
		{1C2C16DF-B393-4F39-A244-EF8A7FE078F6}.Release|Any CPU.Build.0 = Release|Any CPU
		{0A0A6174-4A65-4E88-B35D-2AC8506638A9}.Debug|Any CPU.ActiveCfg = Debug|Any CPU
		{0A0A6174-4A65-4E88-B35D-2AC8506638A9}.Debug|Any CPU.Build.0 = Debug|Any CPU
		{0A0A6174-4A65-4E88-B35D-2AC8506638A9}.Release|Any CPU.ActiveCfg = Release|Any CPU
		{0A0A6174-4A65-4E88-B35D-2AC8506638A9}.Release|Any CPU.Build.0 = Release|Any CPU
		{EC5E2AEB-1C8F-4CBF-880E-720DA4218D3E}.Debug|Any CPU.ActiveCfg = Debug|Any CPU
		{EC5E2AEB-1C8F-4CBF-880E-720DA4218D3E}.Debug|Any CPU.Build.0 = Debug|Any CPU
		{EC5E2AEB-1C8F-4CBF-880E-720DA4218D3E}.Release|Any CPU.ActiveCfg = Release|Any CPU
		{EC5E2AEB-1C8F-4CBF-880E-720DA4218D3E}.Release|Any CPU.Build.0 = Release|Any CPU
	EndGlobalSection
	GlobalSection(SolutionProperties) = preSolution
		HideSolutionNode = FALSE
	EndGlobalSection
	GlobalSection(ExtensibilityGlobals) = postSolution
		SolutionGuid = {0335C765-6068-4F47-8177-6947DB449171}
	EndGlobalSection
EndGlobal
